dependencies:
- name: mesh-security
  repository: file://mesh-security
  version: 1.0.0
- name: mesh-networking
  repository: file://mesh-networking
  version: 1.0.0
- name: mesh-egress
  repository: file://mesh-egress
  version: 1.0.0
digest: sha256:82d900fafad77926d66091ec703d581db451303bf65f90637d0e5d337f860dc7
generated: "2026-04-19T23:46:41.305509423Z"
